// !$*UTF8*$!
{
	archiveVersion = 1;
	classes = {
	};
	objectVersion = 46;
	objects = {

/* Begin PBXBuildFile section */
		CC1C30171AB3FDBF009F9110 /* Foundation.framework in Frameworks */ = {isa = PBXBuildFile; fileRef = CC1C30161AB3FDBF009F9110 /* Foundation.framework */; };
		CC1C30191AB3FDBF009F9110 /* CoreGraphics.framework in Frameworks */ = {isa = PBXBuildFile; fileRef = CC1C30181AB3FDBF009F9110 /* CoreGraphics.framework */; };
		CC1C301B1AB3FDBF009F9110 /* UIKit.framework in Frameworks */ = {isa = PBXBuildFile; fileRef = CC1C301A1AB3FDBF009F9110 /* UIKit.framework */; };
		CC1C30211AB3FDC0009F9110 /* InfoPlist.strings in Resources */ = {isa = PBXBuildFile; fileRef = CC1C301F1AB3FDC0009F9110 /* InfoPlist.strings */; };
		CC1C30231AB3FDC0009F9110 /* main.m in Sources */ = {isa = PBXBuildFile; fileRef = CC1C30221AB3FDC0009F9110 /* main.m */; };
		CC1C30271AB3FDC0009F9110 /* QYAppDelegate.m in Sources */ = {isa = PBXBuildFile; fileRef = CC1C30261AB3FDC0009F9110 /* QYAppDelegate.m */; };
		CC1C302A1AB3FDC0009F9110 /* Main.storyboard in Resources */ = {isa = PBXBuildFile; fileRef = CC1C30281AB3FDC0009F9110 /* Main.storyboard */; };
		CC1C302D1AB3FDC0009F9110 /* QYViewController.m in Sources */ = {isa = PBXBuildFile; fileRef = CC1C302C1AB3FDC0009F9110 /* QYViewController.m */; };
		CC1C302F1AB3FDC0009F9110 /* Images.xcassets in Resources */ = {isa = PBXBuildFile; fileRef = CC1C302E1AB3FDC0009F9110 /* Images.xcassets */; };
		CC1C30361AB3FDC0009F9110 /* XCTest.framework in Frameworks */ = {isa = PBXBuildFile; fileRef = CC1C30351AB3FDC0009F9110 /* XCTest.framework */; };
		CC1C30371AB3FDC0009F9110 /* Foundation.framework in Frameworks */ = {isa = PBXBuildFile; fileRef = CC1C30161AB3FDBF009F9110 /* Foundation.framework */; };
		CC1C30381AB3FDC0009F9110 /* UIKit.framework in Frameworks */ = {isa = PBXBuildFile; fileRef = CC1C301A1AB3FDBF009F9110 /* UIKit.framework */; };
		CC1C30401AB3FDC0009F9110 /* InfoPlist.strings in Resources */ = {isa = PBXBuildFile; fileRef = CC1C303E1AB3FDC0009F9110 /* InfoPlist.strings */; };
		CC1C30421AB3FDC0009F9110 /* JSONDemoTests.m in Sources */ = {isa = PBXBuildFile; fileRef = CC1C30411AB3FDC0009F9110 /* JSONDemoTests.m */; };
		CC1C304C1AB3FDFC009F9110 /* JsonData.json in Resources */ = {isa = PBXBuildFile; fileRef = CC1C304B1AB3FDFC009F9110 /* JsonData.json */; };
/* End PBXBuildFile section */

/* Begin PBXContainerItemProxy section */
		CC1C30391AB3FDC0009F9110 /* PBXContainerItemProxy */ = {
			isa = PBXContainerItemProxy;
			containerPortal = CC1C300B1AB3FDBF009F9110 /* Project object */;
			proxyType = 1;
			remoteGlobalIDString = CC1C30121AB3FDBF009F9110;
			remoteInfo = JSONDemo;
		};
/* End PBXContainerItemProxy section */

/* Begin PBXFileReference section */
		CC1C30131AB3FDBF009F9110 /* JSONDemo.app */ = {isa = PBXFileReference; explicitFileType = wrapper.application; includeInIndex = 0; path = JSONDemo.app; sourceTree = BUILT_PRODUCTS_DIR; };
		CC1C30161AB3FDBF009F9110 /* Foundation.framework */ = {isa = PBXFileReference; lastKnownFileType = wrapper.framework; name = Foundation.framework; path = System/Library/Frameworks/Foundation.framework; sourceTree = SDKROOT; };
		CC1C30181AB3FDBF009F9110 /* CoreGraphics.framework */ = {isa = PBXFileReference; lastKnownFileType = wrapper.framework; name = CoreGraphics.framework; path = System/Library/Frameworks/CoreGraphics.framework; sourceTree = SDKROOT; };
		CC1C301A1AB3FDBF009F9110 /* UIKit.framework */ = {isa = PBXFileReference; lastKnownFileType = wrapper.framework; name = UIKit.framework; path = System/Library/Frameworks/UIKit.framework; sourceTree = SDKROOT; };
		CC1C301E1AB3FDC0009F9110 /* JSONDemo-Info.plist */ = {isa = PBXFileReference; lastKnownFileType = text.plist.xml; path = "JSONDemo-Info.plist"; sourceTree = "<group>"; };
		CC1C30201AB3FDC0009F9110 /* en */ = {isa = PBXFileReference; lastKnownFileType = text.plist.strings; name = en; path = en.lproj/InfoPlist.strings; sourceTree = "<group>"; };
		CC1C30221AB3FDC0009F9110 /* main.m */ = {isa = PBXFileReference; lastKnownFileType = sourcecode.c.objc; path = main.m; sourceTree = "<group>"; };
		CC1C30241AB3FDC0009F9110 /* JSONDemo-Prefix.pch */ = {isa = PBXFileReference; lastKnownFileType = sourcecode.c.h; path = "JSONDemo-Prefix.pch"; sourceTree = "<group>"; };
		CC1C30251AB3FDC0009F9110 /* QYAppDelegate.h */ = {isa = PBXFileReference; lastKnownFileType = sourcecode.c.h; path = QYAppDelegate.h; sourceTree = "<group>"; };
		CC1C30261AB3FDC0009F9110 /* QYAppDelegate.m */ = {isa = PBXFileReference; lastKnownFileType = sourcecode.c.objc; path = QYAppDelegate.m; sourceTree = "<group>"; };
		CC1C30291AB3FDC0009F9110 /* Base */ = {isa = PBXFileReference; lastKnownFileType = file.storyboard; name = Base; path = Base.lproj/Main.storyboard; sourceTree = "<group>"; };
		CC1C302B1AB3FDC0009F9110 /* QYViewController.h */ = {isa = PBXFileReference; lastKnownFileType = sourcecode.c.h; path = QYViewController.h; sourceTree = "<group>"; };
		CC1C302C1AB3FDC0009F9110 /* QYViewController.m */ = {isa = PBXFileReference; lastKnownFileType = sourcecode.c.objc; path = QYViewController.m; sourceTree = "<group>"; };
		CC1C302E1AB3FDC0009F9110 /* Images.xcassets */ = {isa = PBXFileReference; lastKnownFileType = folder.assetcatalog; path = Images.xcassets; sourceTree = "<group>"; };
		CC1C30341AB3FDC0009F9110 /* JSONDemoTests.xctest */ = {isa = PBXFileReference; explicitFileType = wrapper.cfbundle; includeInIndex = 0; path = JSONDemoTests.xctest; sourceTree = BUILT_PRODUCTS_DIR; };
		CC1C30351AB3FDC0009F9110 /* XCTest.framework */ = {isa = PBXFileReference; lastKnownFileType = wrapper.framework; name = XCTest.framework; path = Library/Frameworks/XCTest.framework; sourceTree = DEVELOPER_DIR; };
		CC1C303D1AB3FDC0009F9110 /* JSONDemoTests-Info.plist */ = {isa = PBXFileReference; lastKnownFileType = text.plist.xml; path = "JSONDemoTests-Info.plist"; sourceTree = "<group>"; };
		CC1C303F1AB3FDC0009F9110 /* en */ = {isa = PBXFileReference; lastKnownFileType = text.plist.strings; name = en; path = en.lproj/InfoPlist.strings; sourceTree = "<group>"; };
		CC1C30411AB3FDC0009F9110 /* JSONDemoTests.m */ = {isa = PBXFileReference; lastKnownFileType = sourcecode.c.objc; path = JSONDemoTests.m; sourceTree = "<group>"; };
		CC1C304B1AB3FDFC009F9110 /* JsonData.json */ = {isa = PBXFileReference; fileEncoding = 4; lastKnownFileType = text.json; path = JsonData.json; sourceTree = "<group>"; };
/* End PBXFileReference section */

/* Begin PBXFrameworksBuildPhase section */
		CC1C30101AB3FDBF009F9110 /* Frameworks */ = {
			isa = PBXFrameworksBuildPhase;
			buildActionMask = 2147483647;
			files = (
				CC1C30191AB3FDBF009F9110 /* CoreGraphics.framework in Frameworks */,
				CC1C301B1AB3FDBF009F9110 /* UIKit.framework in Frameworks */,
				CC1C30171AB3FDBF009F9110 /* Foundation.framework in Frameworks */,
			);
			runOnlyForDeploymentPostprocessing = 0;
		};
		CC1C30311AB3FDC0009F9110 /* Frameworks */ = {
			isa = PBXFrameworksBuildPhase;
			buildActionMask = 2147483647;
			files = (
				CC1C30361AB3FDC0009F9110 /* XCTest.framework in Frameworks */,
				CC1C30381AB3FDC0009F9110 /* UIKit.framework in Frameworks */,
				CC1C30371AB3FDC0009F9110 /* Foundation.framework in Frameworks */,
			);
			runOnlyForDeploymentPostprocessing = 0;
		};
/* End PBXFrameworksBuildPhase section */

/* Begin PBXGroup section */
		CC1C300A1AB3FDBF009F9110 = {
			isa = PBXGroup;
			children = (
				CC1C301C1AB3FDBF009F9110 /* JSONDemo */,
				CC1C303B1AB3FDC0009F9110 /* JSONDemoTests */,
				CC1C30151AB3FDBF009F9110 /* Frameworks */,
				CC1C30141AB3FDBF009F9110 /* Products */,
			);
			sourceTree = "<group>";
		};
		CC1C30141AB3FDBF009F9110 /* Products */ = {
			isa = PBXGroup;
			children = (
				CC1C30131AB3FDBF009F9110 /* JSONDemo.app */,
				CC1C30341AB3FDC0009F9110 /* JSONDemoTests.xctest */,
			);
			name = Products;
			sourceTree = "<group>";
		};
		CC1C30151AB3FDBF009F9110 /* Frameworks */ = {
			isa = PBXGroup;
			children = (
				CC1C30161AB3FDBF009F9110 /* Foundation.framework */,
				CC1C30181AB3FDBF009F9110 /* CoreGraphics.framework */,
				CC1C301A1AB3FDBF009F9110 /* UIKit.framework */,
				CC1C30351AB3FDC0009F9110 /* XCTest.framework */,
			);
			name = Frameworks;
			sourceTree = "<group>";
		};
		CC1C301C1AB3FDBF009F9110 /* JSONDemo */ = {
			isa = PBXGroup;
			children = (
				CC1C30251AB3FDC0009F9110 /* QYAppDelegate.h */,
				CC1C30261AB3FDC0009F9110 /* QYAppDelegate.m */,
				CC1C30281AB3FDC0009F9110 /* Main.storyboard */,
				CC1C302B1AB3FDC0009F9110 /* QYViewController.h */,
				CC1C302C1AB3FDC0009F9110 /* QYViewController.m */,
				CC1C304B1AB3FDFC009F9110 /* JsonData.json */,
				CC1C302E1AB3FDC0009F9110 /* Images.xcassets */,
				CC1C301D1AB3FDC0009F9110 /* Supporting Files */,
			);
			path = JSONDemo;
			sourceTree = "<group>";
		};
		CC1C301D1AB3FDC0009F9110 /* Supporting Files */ = {
			isa = PBXGroup;
			children = (
				CC1C301E1AB3FDC0009F9110 /* JSONDemo-Info.plist */,
				CC1C301F1AB3FDC0009F9110 /* InfoPlist.strings */,
				CC1C30221AB3FDC0009F9110 /* main.m */,
				CC1C30241AB3FDC0009F9110 /* JSONDemo-Prefix.pch */,
			);
			name = "Supporting Files";
			sourceTree = "<group>";
		};
		CC1C303B1AB3FDC0009F9110 /* JSONDemoTests */ = {
			isa = PBXGroup;
			children = (
				CC1C30411AB3FDC0009F9110 /* JSONDemoTests.m */,
				CC1C303C1AB3FDC0009F9110 /* Supporting Files */,
			);
			path = JSONDemoTests;
			sourceTree = "<group>";
		};
		CC1C303C1AB3FDC0009F9110 /* Supporting Files */ = {
			isa = PBXGroup;
			children = (
				CC1C303D1AB3FDC0009F9110 /* JSONDemoTests-Info.plist */,
				CC1C303E1AB3FDC0009F9110 /* InfoPlist.strings */,
			);
			name = "Supporting Files";
			sourceTree = "<group>";
		};
/* End PBXGroup section */

/* Begin PBXNativeTarget section */
		CC1C30121AB3FDBF009F9110 /* JSONDemo */ = {
			isa = PBXNativeTarget;
			buildConfigurationList = CC1C30451AB3FDC0009F9110 /* Build configuration list for PBXNativeTarget "JSONDemo" */;
			buildPhases = (
				CC1C300F1AB3FDBF009F9110 /* Sources */,
				CC1C30101AB3FDBF009F9110 /* Frameworks */,
				CC1C30111AB3FDBF009F9110 /* Resources */,
			);
			buildRules = (
			);
			dependencies = (
			);
			name = JSONDemo;
			productName = JSONDemo;
			productReference = CC1C30131AB3FDBF009F9110 /* JSONDemo.app */;
			productType = "com.apple.product-type.application";
		};
		CC1C30331AB3FDC0009F9110 /* JSONDemoTests */ = {
			isa = PBXNativeTarget;
			buildConfigurationList = CC1C30481AB3FDC0009F9110 /* Build configuration list for PBXNativeTarget "JSONDemoTests" */;
			buildPhases = (
				CC1C30301AB3FDC0009F9110 /* Sources */,
				CC1C30311AB3FDC0009F9110 /* Frameworks */,
				CC1C30321AB3FDC0009F9110 /* Resources */,
			);
			buildRules = (
			);
			dependencies = (
				CC1C303A1AB3FDC0009F9110 /* PBXTargetDependency */,
			);
			name = JSONDemoTests;
			productName = JSONDemoTests;
			productReference = CC1C30341AB3FDC0009F9110 /* JSONDemoTests.xctest */;
			productType = "com.apple.product-type.bundle.unit-test";
		};
/* End PBXNativeTarget section */

/* Begin PBXProject section */
		CC1C300B1AB3FDBF009F9110 /* Project object */ = {
			isa = PBXProject;
			attributes = {
				CLASSPREFIX = QY;
				LastUpgradeCheck = 0510;
				ORGANIZATIONNAME = hnqingyun.com;
				TargetAttributes = {
					CC1C30331AB3FDC0009F9110 = {
						TestTargetID = CC1C30121AB3FDBF009F9110;
					};
				};
			};
			buildConfigurationList = CC1C300E1AB3FDBF009F9110 /* Build configuration list for PBXProject "JSONDemo" */;
			compatibilityVersion = "Xcode 3.2";
			developmentRegion = English;
			hasScannedForEncodings = 0;
			knownRegions = (
				en,
				Base,
			);
			mainGroup = CC1C300A1AB3FDBF009F9110;
			productRefGroup = CC1C30141AB3FDBF009F9110 /* Products */;
			projectDirPath = "";
			projectRoot = "";
			targets = (
				CC1C30121AB3FDBF009F9110 /* JSONDemo */,
				CC1C30331AB3FDC0009F9110 /* JSONDemoTests */,
			);
		};
/* End PBXProject section */

/* Begin PBXResourcesBuildPhase section */
		CC1C30111AB3FDBF009F9110 /* Resources */ = {
			isa = PBXResourcesBuildPhase;
			buildActionMask = 2147483647;
			files = (
				CC1C302F1AB3FDC0009F9110 /* Images.xcassets in Resources */,
				CC1C304C1AB3FDFC009F9110 /* JsonData.json in Resources */,
				CC1C30211AB3FDC0009F9110 /* InfoPlist.strings in Resources */,
				CC1C302A1AB3FDC0009F9110 /* Main.storyboard in Resources */,
			);
			runOnlyForDeploymentPostprocessing = 0;
		};
		CC1C30321AB3FDC0009F9110 /* Resources */ = {
			isa = PBXResourcesBuildPhase;
			buildActionMask = 2147483647;
			files = (
				CC1C30401AB3FDC0009F9110 /* InfoPlist.strings in Resources */,
			);
			runOnlyForDeploymentPostprocessing = 0;
		};
/* End PBXResourcesBuildPhase section */

/* Begin PBXSourcesBuildPhase section */
		CC1C300F1AB3FDBF009F9110 /* Sources */ = {
			isa = PBXSourcesBuildPhase;
			buildActionMask = 2147483647;
			files = (
				CC1C30271AB3FDC0009F9110 /* QYAppDelegate.m in Sources */,
				CC1C30231AB3FDC0009F9110 /* main.m in Sources */,
				CC1C302D1AB3FDC0009F9110 /* QYViewController.m in Sources */,
			);
			runOnlyForDeploymentPostprocessing = 0;
		};
		CC1C30301AB3FDC0009F9110 /* Sources */ = {
			isa = PBXSourcesBuildPhase;
			buildActionMask = 2147483647;
			files = (
				CC1C30421AB3FDC0009F9110 /* JSONDemoTests.m in Sources */,
			);
			runOnlyForDeploymentPostprocessing = 0;
		};
/* End PBXSourcesBuildPhase section */

/* Begin PBXTargetDependency section */
		CC1C303A1AB3FDC0009F9110 /* PBXTargetDependency */ = {
			isa = PBXTargetDependency;
			target = CC1C30121AB3FDBF009F9110 /* JSONDemo */;
			targetProxy = CC1C30391AB3FDC0009F9110 /* PBXContainerItemProxy */;
		};
/* End PBXTargetDependency section */

/* Begin PBXVariantGroup section */
		CC1C301F1AB3FDC0009F9110 /* InfoPlist.strings */ = {
			isa = PBXVariantGroup;
			children = (
				CC1C30201AB3FDC0009F9110 /* en */,
			);
			name = InfoPlist.strings;
			sourceTree = "<group>";
		};
		CC1C30281AB3FDC0009F9110 /* Main.storyboard */ = {
			isa = PBXVariantGroup;
			children = (
				CC1C30291AB3FDC0009F9110 /* Base */,
			);
			name = Main.storyboard;
			sourceTree = "<group>";
		};
		CC1C303E1AB3FDC0009F9110 /* InfoPlist.strings */ = {
			isa = PBXVariantGroup;
			children = (
				CC1C303F1AB3FDC0009F9110 /* en */,
			);
			name = InfoPlist.strings;
			sourceTree = "<group>";
		};
/* End PBXVariantGroup section */

/* Begin XCBuildConfiguration section */
		CC1C30431AB3FDC0009F9110 /* Debug */ = {
			isa = XCBuildConfiguration;
			buildSettings = {
				ALWAYS_SEARCH_USER_PATHS = NO;
				CLANG_CXX_LANGUAGE_STANDARD = "gnu++0x";
				CLANG_CXX_LIBRARY = "libc++";
				CLANG_ENABLE_MODULES = YES;
				CLANG_ENABLE_OBJC_ARC = YES;
				CLANG_WARN_BOOL_CONVERSION = YES;
				CLANG_WARN_CONSTANT_CONVERSION = YES;
				CLANG_WARN_DIRECT_OBJC_ISA_USAGE = YES_ERROR;
				CLANG_WARN_EMPTY_BODY = YES;
				CLANG_WARN_ENUM_CONVERSION = YES;
				CLANG_WARN_INT_CONVERSION = YES;
				CLANG_WARN_OBJC_ROOT_CLASS = YES_ERROR;
				CLANG_WARN__DUPLICATE_METHOD_MATCH = YES;
				"CODE_SIGN_IDENTITY[sdk=iphoneos*]" = "iPhone Developer";
				COPY_PHASE_STRIP = NO;
				GCC_C_LANGUAGE_STANDARD = gnu99;
				GCC_DYNAMIC_NO_PIC = NO;
				GCC_OPTIMIZATION_LEVEL = 0;
				GCC_PREPROCESSOR_DEFINITIONS = (
					"DEBUG=1",
					"$(inherited)",
				);
				GCC_SYMBOLS_PRIVATE_EXTERN = NO;
				GCC_WARN_64_TO_32_BIT_CONVERSION = YES;
				GCC_WARN_ABOUT_RETURN_TYPE = YES_ERROR;
				GCC_WARN_UNDECLARED_SELECTOR = YES;
				GCC_WARN_UNINITIALIZED_AUTOS = YES_AGGRESSIVE;
				GCC_WARN_UNUSED_FUNCTION = YES;
				GCC_WARN_UNUSED_VARIABLE = YES;
				IPHONEOS_DEPLOYMENT_TARGET = 7.1;
				ONLY_ACTIVE_ARCH = YES;
				SDKROOT = iphoneos;
			};
			name = Debug;
		};
		CC1C30441AB3FDC0009F9110 /* Release */ = {
			isa = XCBuildConfiguration;
			buildSettings = {
				ALWAYS_SEARCH_USER_PATHS = NO;
				CLANG_CXX_LANGUAGE_STANDARD = "gnu++0x";
				CLANG_CXX_LIBRARY = "libc++";
				CLANG_ENABLE_MODULES = YES;
				CLANG_ENABLE_OBJC_ARC = YES;
				CLANG_WARN_BOOL_CONVERSION = YES;
				CLANG_WARN_CONSTANT_CONVERSION = YES;
				CLANG_WARN_DIRECT_OBJC_ISA_USAGE = YES_ERROR;
				CLANG_WARN_EMPTY_BODY = YES;
				CLANG_WARN_ENUM_CONVERSION = YES;
				CLANG_WARN_INT_CONVERSION = YES;
				CLANG_WARN_OBJC_ROOT_CLASS = YES_ERROR;
				CLANG_WARN__DUPLICATE_METHOD_MATCH = YES;
				"CODE_SIGN_IDENTITY[sdk=iphoneos*]" = "iPhone Developer";
				COPY_PHASE_STRIP = YES;
				ENABLE_NS_ASSERTIONS = NO;
				GCC_C_LANGUAGE_STANDARD = gnu99;
				GCC_WARN_64_TO_32_BIT_CONVERSION = YES;
				GCC_WARN_ABOUT_RETURN_TYPE = YES_ERROR;
				GCC_WARN_UNDECLARED_SELECTOR = YES;
				GCC_WARN_UNINITIALIZED_AUTOS = YES_AGGRESSIVE;
				GCC_WARN_UNUSED_FUNCTION = YES;
				GCC_WARN_UNUSED_VARIABLE = YES;
				IPHONEOS_DEPLOYMENT_TARGET = 7.1;
				SDKROOT = iphoneos;
				VALIDATE_PRODUCT = YES;
			};
			name = Release;
		};
		CC1C30461AB3FDC0009F9110 /* Debug */ = {
			isa = XCBuildConfiguration;
			buildSettings = {
				ASSETCATALOG_COMPILER_APPICON_NAME = AppIcon;
				ASSETCATALOG_COMPILER_LAUNCHIMAGE_NAME = LaunchImage;
				GCC_PRECOMPILE_PREFIX_HEADER = YES;
				GCC_PREFIX_HEADER = "JSONDemo/JSONDemo-Prefix.pch";
				INFOPLIST_FILE = "JSONDemo/JSONDemo-Info.plist";
				PRODUCT_NAME = "$(TARGET_NAME)";
				WRAPPER_EXTENSION = app;
			};
			name = Debug;
		};
		CC1C30471AB3FDC0009F9110 /* Release */ = {
			isa = XCBuildConfiguration;
			buildSettings = {
				ASSETCATALOG_COMPILER_APPICON_NAME = AppIcon;
				ASSETCATALOG_COMPILER_LAUNCHIMAGE_NAME = LaunchImage;
				GCC_PRECOMPILE_PREFIX_HEADER = YES;
				GCC_PREFIX_HEADER = "JSONDemo/JSONDemo-Prefix.pch";
				INFOPLIST_FILE = "JSONDemo/JSONDemo-Info.plist";
				PRODUCT_NAME = "$(TARGET_NAME)";
				WRAPPER_EXTENSION = app;
			};
			name = Release;
		};
		CC1C30491AB3FDC0009F9110 /* Debug */ = {
			isa = XCBuildConfiguration;
			buildSettings = {
				BUNDLE_LOADER = "$(BUILT_PRODUCTS_DIR)/JSONDemo.app/JSONDemo";
				FRAMEWORK_SEARCH_PATHS = (
					"$(SDKROOT)/Developer/Library/Frameworks",
					"$(inherited)",
					"$(DEVELOPER_FRAMEWORKS_DIR)",
				);
				GCC_PRECOMPILE_PREFIX_HEADER = YES;
				GCC_PREFIX_HEADER = "JSONDemo/JSONDemo-Prefix.pch";
				GCC_PREPROCESSOR_DEFINITIONS = (
					"DEBUG=1",
					"$(inherited)",
				);
				INFOPLIST_FILE = "JSONDemoTests/JSONDemoTests-Info.plist";
				PRODUCT_NAME = "$(TARGET_NAME)";
				TEST_HOST = "$(BUNDLE_LOADER)";
				WRAPPER_EXTENSION = xctest;
			};
			name = Debug;
		};
		CC1C304A1AB3FDC0009F9110 /* Release */ = {
			isa = XCBuildConfiguration;
			buildSettings = {
				BUNDLE_LOADER = "$(BUILT_PRODUCTS_DIR)/JSONDemo.app/JSONDemo";
				FRAMEWORK_SEARCH_PATHS = (
					"$(SDKROOT)/Developer/Library/Frameworks",
					"$(inherited)",
					"$(DEVELOPER_FRAMEWORKS_DIR)",
				);
				GCC_PRECOMPILE_PREFIX_HEADER = YES;
				GCC_PREFIX_HEADER = "JSONDemo/JSONDemo-Prefix.pch";
				INFOPLIST_FILE = "JSONDemoTests/JSONDemoTests-Info.plist";
				PRODUCT_NAME = "$(TARGET_NAME)";
				TEST_HOST = "$(BUNDLE_LOADER)";
				WRAPPER_EXTENSION = xctest;
			};
			name = Release;
		};
/* End XCBuildConfiguration section */

/* Begin XCConfigurationList section */
		CC1C300E1AB3FDBF009F9110 /* Build configuration list for PBXProject "JSONDemo" */ = {
			isa = XCConfigurationList;
			buildConfigurations = (
				CC1C30431AB3FDC0009F9110 /* Debug */,
				CC1C30441AB3FDC0009F9110 /* Release */,
			);
			defaultConfigurationIsVisible = 0;
			defaultConfigurationName = Release;
		};
		CC1C30451AB3FDC0009F9110 /* Build configuration list for PBXNativeTarget "JSONDemo" */ = {
			isa = XCConfigurationList;
			buildConfigurations = (
				CC1C30461AB3FDC0009F9110 /* Debug */,
				CC1C30471AB3FDC0009F9110 /* Release */,
			);
			defaultConfigurationIsVisible = 0;
		};
		CC1C30481AB3FDC0009F9110 /* Build configuration list for PBXNativeTarget "JSONDemoTests" */ = {
			isa = XCConfigurationList;
			buildConfigurations = (
				CC1C30491AB3FDC0009F9110 /* Debug */,
				CC1C304A1AB3FDC0009F9110 /* Release */,
			);
			defaultConfigurationIsVisible = 0;
		};
/* End XCConfigurationList section */
	};
	rootObject = CC1C300B1AB3FDBF009F9110 /* Project object */;
}
